
Microsoft Visual Studio Solution File, Format Version 12.00
# Visual Studio 15
Project("{FAE04EC0-301F-11D3-BF4B-00C04F79EFBC}") = "OdeToFood.web", "OdeToFood.web\OdeToFood.web.csproj", "{CC55035D-C1CB-4F2F-A44F-928E1CDE417F}"
EndProject
Project("{FAE04EC0-301F-11D3-BF4B-00C04F79EFBC}") = "OdeToFood.Core", "OdeToFood.Core\OdeToFood.Core.csproj", "{08C7C7B1-5234-4B13-ABCA-BB3194140B62}"
EndProject
Project("{FAE04EC0-301F-11D3-BF4B-00C04F79EFBC}") = "OdeToFood.data", "OdeToFood.data\OdeToFood.data.csproj", "{B3CE74F2-82B4-458C-AAE6-A2C29B43A5AB}"
EndProject
Global
	GlobalSection(SolutionConfigurationPlatforms) = preSolution
		Debug|Any CPU = Debug|Any CPU
		Release|Any CPU = Release|Any CPU
	EndGlobalSection
	GlobalSection(ProjectConfigurationPlatforms) = postSolution
		{CC55035D-C1CB-4F2F-A44F-928E1CDE417F}.Debug|Any CPU.ActiveCfg = Debug|Any CPU
		{CC55035D-C1CB-4F2F-A44F-928E1CDE417F}.Debug|Any CPU.Build.0 = Debug|Any CPU
		{CC55035D-C1CB-4F2F-A44F-928E1CDE417F}.Release|Any CPU.ActiveCfg = Release|Any CPU
		{CC55035D-C1CB-4F2F-A44F-928E1CDE417F}.Release|Any CPU.Build.0 = Release|Any CPU
		{08C7C7B1-5234-4B13-ABCA-BB3194140B62}.Debug|Any CPU.ActiveCfg = Debug|Any CPU
		{08C7C7B1-5234-4B13-ABCA-BB3194140B62}.Debug|Any CPU.Build.0 = Debug|Any CPU
		{08C7C7B1-5234-4B13-ABCA-BB3194140B62}.Release|Any CPU.ActiveCfg = Release|Any CPU
		{08C7C7B1-5234-4B13-ABCA-BB3194140B62}.Release|Any CPU.Build.0 = Release|Any CPU
		{B3CE74F2-82B4-458C-AAE6-A2C29B43A5AB}.Debug|Any CPU.ActiveCfg = Debug|Any CPU
		{B3CE74F2-82B4-458C-AAE6-A2C29B43A5AB}.Debug|Any CPU.Build.0 = Debug|Any CPU
		{B3CE74F2-82B4-458C-AAE6-A2C29B43A5AB}.Release|Any CPU.ActiveCfg = Release|Any CPU
		{B3CE74F2-82B4-458C-AAE6-A2C29B43A5AB}.Release|Any CPU.Build.0 = Release|Any CPU
	EndGlobalSection
EndGlobal
